
Microsoft Visual Studio Solution File, Format Version 12.00
# Visual Studio 14
VisualStudioVersion = 14.0.25420.1
MinimumVisualStudioVersion = 10.0.40219.1
Project("{2150E333-8FDC-42A3-9474-1A3956D46DE8}") = "src", "src", "{59DBBAC7-3819-4B18-A9D1-56E514E83023}"
EndProject
Project("{2150E333-8FDC-42A3-9474-1A3956D46DE8}") = "Solution Items", "Solution Items", "{541FE39A-7FEB-47EF-8942-BA999FD0316B}"
	ProjectSection(SolutionItems) = preProject
		global.json = global.json
	EndProjectSection
EndProject
Project("{8BB2217D-0F2D-49D1-97BC-3654ED321F3B}") = "GummiBearKingdom", "src\GummiBearKingdom\GummiBearKingdom.xproj", "{74C5C995-C313-44F0-BEB8-BE85B5F5D864}"
EndProject
Global
	GlobalSection(SolutionConfigurationPlatforms) = preSolution
		Debug|Any CPU = Debug|Any CPU
		Release|Any CPU = Release|Any CPU
	EndGlobalSection
	GlobalSection(ProjectConfigurationPlatforms) = postSolution
		{74C5C995-C313-44F0-BEB8-BE85B5F5D864}.Debug|Any CPU.ActiveCfg = Debug|Any CPU
		{74C5C995-C313-44F0-BEB8-BE85B5F5D864}.Debug|Any CPU.Build.0 = Debug|Any CPU
		{74C5C995-C313-44F0-BEB8-BE85B5F5D864}.Release|Any CPU.ActiveCfg = Release|Any CPU
		{74C5C995-C313-44F0-BEB8-BE85B5F5D864}.Release|Any CPU.Build.0 = Release|Any CPU
	EndGlobalSection
	GlobalSection(SolutionProperties) = preSolution
		HideSolutionNode = FALSE
	EndGlobalSection
	GlobalSection(NestedProjects) = preSolution
		{74C5C995-C313-44F0-BEB8-BE85B5F5D864} = {59DBBAC7-3819-4B18-A9D1-56E514E83023}
	EndGlobalSection
EndGlobal
